# This file is automatically @generated by Poetry 1.8.2 and should not be changed by hand.

[[package]]
name = "certifi"
version = "2024.2.2"
description = "Python package for providing Mozilla's CA Bundle."
optional = false
python-versions = ">=3.6"
files = [
    {file = "certifi-2024.2.2-py3-none-any.whl", hash = "sha256:dc383c07b76109f368f6106eee2b593b04a011ea4d55f652c6ca24a754d1cdd1"},
    {file = "certifi-2024.2.2.tar.gz", hash = "sha256:0569859f95fc761b18b45ef421b1290a0f65f147e92a1e5eb3e635f9a5e4e66f"},
]

[[package]]
name = "expiringdict"
version = "1.2.2"
description = "Dictionary with auto-expiring values for caching purposes"
optional = false
python-versions = "*"
files = [
    {file = "expiringdict-1.2.2-py3-none-any.whl", hash = "sha256:09a5d20bc361163e6432a874edd3179676e935eb81b925eccef48d409a8a45e8"},
    {file = "expiringdict-1.2.2.tar.gz", hash = "sha256:300fb92a7e98f15b05cf9a856c1415b3bc4f2e132be07daa326da6414c23ee09"},
]

[package.extras]
tests = ["coverage", "coveralls", "dill", "mock", "nose"]

[[package]]
name = "launchdarkly-eventsource"
version = "1.2.0"
description = "LaunchDarkly SSE Client"
optional = false
python-versions = ">=3.8"
files = [
    {file = "launchdarkly_eventsource-1.2.0-py3-none-any.whl", hash = "sha256:9b5ec7149e2ad9995be22ad5361deb480c229701e6b0cc799e94aa14f067b77b"},
    {file = "launchdarkly_eventsource-1.2.0.tar.gz", hash = "sha256:8cb3301ec0daeb5e17eaa37b3b65f6660fab851b317e69271185ef2fb42c2fde"},
]

[package.dependencies]
urllib3 = ">=1.26.0,<3"

[[package]]
name = "launchdarkly-server-sdk"
version = "9.4.0"
description = "LaunchDarkly SDK for Python"
optional = false
python-versions = ">=3.8"
files = [
    {file = "launchdarkly_server_sdk-9.4.0-py3-none-any.whl", hash = "sha256:e1d5e743791c8ceaf8285952548a2fef57ff7ba0a29644af52542fa2af78c02a"},
    {file = "launchdarkly_server_sdk-9.4.0.tar.gz", hash = "sha256:15fa719526b891a7c251b2e445db96b89ff22df58a76eec54d9b420cc2ac46ac"},
]

[package.dependencies]
certifi = ">=2018.4.16"
expiringdict = ">=1.1.4"
launchdarkly-eventsource = ">=1.1.0,<2.0.0"
pyRFC3339 = ">=1.0"
semver = ">=2.10.2"
urllib3 = ">=1.26.0,<3"

[package.extras]
consul = ["python-consul (>=1.0.1)"]
dynamodb = ["boto3 (>=1.9.71)"]
redis = ["redis (>=2.10.5)"]
test-filesource = ["pyyaml (>=5.3.1)", "watchdog (>=3.0.0)"]

[[package]]
name = "pyrfc3339"
version = "1.1"
description = "Generate and parse RFC 3339 timestamps"
optional = false
python-versions = "*"
files = [
    {file = "pyRFC3339-1.1-py2.py3-none-any.whl", hash = "sha256:67196cb83b470709c580bb4738b83165e67c6cc60e1f2e4f286cfcb402a926f4"},
    {file = "pyRFC3339-1.1.tar.gz", hash = "sha256:81b8cbe1519cdb79bed04910dd6fa4e181faf8c88dff1e1b987b5f7ab23a5b1a"},
]

[package.dependencies]
pytz = "*"

[[package]]
name = "pytz"
version = "2024.1"
description = "World timezone definitions, modern and historical"
optional = false
python-versions = "*"
files = [
    {file = "pytz-2024.1-py2.py3-none-any.whl", hash = "sha256:328171f4e3623139da4983451950b28e95ac706e13f3f2630a879749e7a8b319"},
    {file = "pytz-2024.1.tar.gz", hash = "sha256:2a29735ea9c18baf14b448846bde5a48030ed267578472d8955cd0e7443a9812"},
]

[[package]]
name = "semver"
version = "3.0.2"
description = "Python helper for Semantic Versioning (https://semver.org)"
optional = false
python-versions = ">=3.7"
files = [
    {file = "semver-3.0.2-py3-none-any.whl", hash = "sha256:b1ea4686fe70b981f85359eda33199d60c53964284e0cfb4977d243e37cf4bf4"},
    {file = "semver-3.0.2.tar.gz", hash = "sha256:6253adb39c70f6e51afed2fa7152bcd414c411286088fb4b9effb133885ab4cc"},
]

[[package]]
name = "urllib3"
version = "2.2.1"
description = "HTTP library with thread-safe connection pooling, file post, and more."
optional = false
python-versions = ">=3.8"
files = [
    {file = "urllib3-2.2.1-py3-none-any.whl", hash = "sha256:450b20ec296a467077128bff42b73080516e71b56ff59a60a02bef2232c4fa9d"},
    {file = "urllib3-2.2.1.tar.gz", hash = "sha256:d0570876c61ab9e520d776c38acbbb5b05a776d3f9ff98a5c8fd5162a444cf19"},
]

[package.extras]
brotli = ["brotli (>=1.0.9)", "brotlicffi (>=0.8.0)"]
h2 = ["h2 (>=4,<5)"]
socks = ["pysocks (>=1.5.6,!=1.5.7,<2.0)"]
zstd = ["zstandard (>=0.18.0)"]

[metadata]
lock-version = "2.0"
python-versions = "^3.12"
content-hash = "b7f1f37a24f97f781f61c329efdfdc28dbf741a15b1e3635225ff7ab08727552"
